// !$*UTF8*$!
{
	archiveVersion = 1;
	classes = {
	};
	objectVersion = 50;
	objects = {

/* Begin PBXBuildFile section */
		31FEA147242753B200CBEF9D /* AppDelegate.swift in Sources */ = {isa = PBXBuildFile; fileRef = 31FEA146242753B200CBEF9D /* AppDelegate.swift */; };
		31FEA149242753B200CBEF9D /* SceneDelegate.swift in Sources */ = {isa = PBXBuildFile; fileRef = 31FEA148242753B200CBEF9D /* SceneDelegate.swift */; };
		31FEA14B242753B200CBEF9D /* ViewController.swift in Sources */ = {isa = PBXBuildFile; fileRef = 31FEA14A242753B200CBEF9D /* ViewController.swift */; };
		31FEA14E242753B200CBEF9D /* Main.storyboard in Resources */ = {isa = PBXBuildFile; fileRef = 31FEA14C242753B200CBEF9D /* Main.storyboard */; };
		31FEA150242753B400CBEF9D /* Assets.xcassets in Resources */ = {isa = PBXBuildFile; fileRef = 31FEA14F242753B400CBEF9D /* Assets.xcassets */; };
		31FEA153242753B400CBEF9D /* LaunchScreen.storyboard in Resources */ = {isa = PBXBuildFile; fileRef = 31FEA151242753B400CBEF9D /* LaunchScreen.storyboard */; };
		31FEA15E2427550600CBEF9D /* WelcomeViewController.swift in Sources */ = {isa = PBXBuildFile; fileRef = 31FEA15D2427550600CBEF9D /* WelcomeViewController.swift */; };
		31FEA1602427551300CBEF9D /* RegisterViewController.swift in Sources */ = {isa = PBXBuildFile; fileRef = 31FEA15F2427551300CBEF9D /* RegisterViewController.swift */; };
		31FEA1622427553000CBEF9D /* LoginViewController.swift in Sources */ = {isa = PBXBuildFile; fileRef = 31FEA1612427553000CBEF9D /* LoginViewController.swift */; };
		31FEA1642427553D00CBEF9D /* ChatViewController.swift in Sources */ = {isa = PBXBuildFile; fileRef = 31FEA1632427553D00CBEF9D /* ChatViewController.swift */; };
		48ED25C5B707397A8FCB24E5 /* Pods_eChat_iOS13.framework in Frameworks */ = {isa = PBXBuildFile; fileRef = 29267498868CEFA63F837027 /* Pods_eChat_iOS13.framework */; };
/* End PBXBuildFile section */

/* Begin PBXFileReference section */
		29267498868CEFA63F837027 /* Pods_eChat_iOS13.framework */ = {isa = PBXFileReference; explicitFileType = wrapper.framework; includeInIndex = 0; path = Pods_eChat_iOS13.framework; sourceTree = BUILT_PRODUCTS_DIR; };
		31FEA143242753B200CBEF9D /* eChat-iOS13.app */ = {isa = PBXFileReference; explicitFileType = wrapper.application; includeInIndex = 0; path = "eChat-iOS13.app"; sourceTree = BUILT_PRODUCTS_DIR; };
		31FEA146242753B200CBEF9D /* AppDelegate.swift */ = {isa = PBXFileReference; lastKnownFileType = sourcecode.swift; path = AppDelegate.swift; sourceTree = "<group>"; };
		31FEA148242753B200CBEF9D /* SceneDelegate.swift */ = {isa = PBXFileReference; lastKnownFileType = sourcecode.swift; path = SceneDelegate.swift; sourceTree = "<group>"; };
		31FEA14A242753B200CBEF9D /* ViewController.swift */ = {isa = PBXFileReference; lastKnownFileType = sourcecode.swift; path = ViewController.swift; sourceTree = "<group>"; };
		31FEA14D242753B200CBEF9D /* Base */ = {isa = PBXFileReference; lastKnownFileType = file.storyboard; name = Base; path = Base.lproj/Main.storyboard; sourceTree = "<group>"; };
		31FEA14F242753B400CBEF9D /* Assets.xcassets */ = {isa = PBXFileReference; lastKnownFileType = folder.assetcatalog; path = Assets.xcassets; sourceTree = "<group>"; };
		31FEA152242753B400CBEF9D /* Base */ = {isa = PBXFileReference; lastKnownFileType = file.storyboard; name = Base; path = Base.lproj/LaunchScreen.storyboard; sourceTree = "<group>"; };
		31FEA154242753B400CBEF9D /* Info.plist */ = {isa = PBXFileReference; lastKnownFileType = text.plist.xml; path = Info.plist; sourceTree = "<group>"; };
		31FEA15D2427550600CBEF9D /* WelcomeViewController.swift */ = {isa = PBXFileReference; lastKnownFileType = sourcecode.swift; path = WelcomeViewController.swift; sourceTree = "<group>"; };
		31FEA15F2427551300CBEF9D /* RegisterViewController.swift */ = {isa = PBXFileReference; lastKnownFileType = sourcecode.swift; path = RegisterViewController.swift; sourceTree = "<group>"; };
		31FEA1612427553000CBEF9D /* LoginViewController.swift */ = {isa = PBXFileReference; lastKnownFileType = sourcecode.swift; path = LoginViewController.swift; sourceTree = "<group>"; };
		31FEA1632427553D00CBEF9D /* ChatViewController.swift */ = {isa = PBXFileReference; lastKnownFileType = sourcecode.swift; path = ChatViewController.swift; sourceTree = "<group>"; };
		8CC543EFF9F3F09695D04CC1 /* Pods-eChat-iOS13.debug.xcconfig */ = {isa = PBXFileReference; includeInIndex = 1; lastKnownFileType = text.xcconfig; name = "Pods-eChat-iOS13.debug.xcconfig"; path = "Target Support Files/Pods-eChat-iOS13/Pods-eChat-iOS13.debug.xcconfig"; sourceTree = "<group>"; };
		F3DF017ACB1A08618CA46071 /* Pods-eChat-iOS13.release.xcconfig */ = {isa = PBXFileReference; includeInIndex = 1; lastKnownFileType = text.xcconfig; name = "Pods-eChat-iOS13.release.xcconfig"; path = "Target Support Files/Pods-eChat-iOS13/Pods-eChat-iOS13.release.xcconfig"; sourceTree = "<group>"; };
/* End PBXFileReference section */

/* Begin PBXFrameworksBuildPhase section */
		31FEA140242753B200CBEF9D /* Frameworks */ = {
			isa = PBXFrameworksBuildPhase;
			buildActionMask = 2147483647;
			files = (
				48ED25C5B707397A8FCB24E5 /* Pods_eChat_iOS13.framework in Frameworks */,
			);
			runOnlyForDeploymentPostprocessing = 0;
		};
/* End PBXFrameworksBuildPhase section */

/* Begin PBXGroup section */
		31FEA13A242753B200CBEF9D = {
			isa = PBXGroup;
			children = (
				31FEA145242753B200CBEF9D /* eChat-iOS13 */,
				31FEA144242753B200CBEF9D /* Products */,
				65327124DAF71AF9EE521636 /* Pods */,
				A17949C3746F844AA10289A9 /* Frameworks */,
			);
			sourceTree = "<group>";
		};
		31FEA144242753B200CBEF9D /* Products */ = {
			isa = PBXGroup;
			children = (
				31FEA143242753B200CBEF9D /* eChat-iOS13.app */,
			);
			name = Products;
			sourceTree = "<group>";
		};
		31FEA145242753B200CBEF9D /* eChat-iOS13 */ = {
			isa = PBXGroup;
			children = (
				31FEA15C2427547B00CBEF9D /* Controller */,
				31FEA15B2427547300CBEF9D /* Models */,
				31FEA15A242753F000CBEF9D /* View */,
				31FEA146242753B200CBEF9D /* AppDelegate.swift */,
				31FEA148242753B200CBEF9D /* SceneDelegate.swift */,
				31FEA14A242753B200CBEF9D /* ViewController.swift */,
				31FEA14F242753B400CBEF9D /* Assets.xcassets */,
				31FEA151242753B400CBEF9D /* LaunchScreen.storyboard */,
				31FEA154242753B400CBEF9D /* Info.plist */,
			);
			path = "eChat-iOS13";
			sourceTree = "<group>";
		};
		31FEA15A242753F000CBEF9D /* View */ = {
			isa = PBXGroup;
			children = (
				31FEA14C242753B200CBEF9D /* Main.storyboard */,
			);
			path = View;
			sourceTree = "<group>";
		};
		31FEA15B2427547300CBEF9D /* Models */ = {
			isa = PBXGroup;
			children = (
			);
			path = Models;
			sourceTree = "<group>";
		};
		31FEA15C2427547B00CBEF9D /* Controller */ = {
			isa = PBXGroup;
			children = (
				31FEA15D2427550600CBEF9D /* WelcomeViewController.swift */,
				31FEA15F2427551300CBEF9D /* RegisterViewController.swift */,
				31FEA1612427553000CBEF9D /* LoginViewController.swift */,
				31FEA1632427553D00CBEF9D /* ChatViewController.swift */,
			);
			path = Controller;
			sourceTree = "<group>";
		};
		65327124DAF71AF9EE521636 /* Pods */ = {
			isa = PBXGroup;
			children = (
				8CC543EFF9F3F09695D04CC1 /* Pods-eChat-iOS13.debug.xcconfig */,
				F3DF017ACB1A08618CA46071 /* Pods-eChat-iOS13.release.xcconfig */,
			);
			name = Pods;
			path = Pods;
			sourceTree = "<group>";
		};
		A17949C3746F844AA10289A9 /* Frameworks */ = {
			isa = PBXGroup;
			children = (
				29267498868CEFA63F837027 /* Pods_eChat_iOS13.framework */,
			);
			name = Frameworks;
			sourceTree = "<group>";
		};
/* End PBXGroup section */

/* Begin PBXNativeTarget section */
		31FEA142242753B200CBEF9D /* eChat-iOS13 */ = {
			isa = PBXNativeTarget;
			buildConfigurationList = 31FEA157242753B400CBEF9D /* Build configuration list for PBXNativeTarget "eChat-iOS13" */;
			buildPhases = (
				88FD2301E9A9A365D3E86F98 /* [CP] Check Pods Manifest.lock */,
				31FEA13F242753B200CBEF9D /* Sources */,
				31FEA140242753B200CBEF9D /* Frameworks */,
				31FEA141242753B200CBEF9D /* Resources */,
				35BAFB4A2B100808242011A3 /* [CP] Embed Pods Frameworks */,
			);
			buildRules = (
			);
			dependencies = (
			);
			name = "eChat-iOS13";
			productName = "eChat-iOS13";
			productReference = 31FEA143242753B200CBEF9D /* eChat-iOS13.app */;
			productType = "com.apple.product-type.application";
		};
/* End PBXNativeTarget section */

/* Begin PBXProject section */
		31FEA13B242753B200CBEF9D /* Project object */ = {
			isa = PBXProject;
			attributes = {
				LastSwiftUpdateCheck = 1130;
				LastUpgradeCheck = 1130;
				ORGANIZATIONNAME = Enej;
				TargetAttributes = {
					31FEA142242753B200CBEF9D = {
						CreatedOnToolsVersion = 11.3.1;
					};
				};
			};
			buildConfigurationList = 31FEA13E242753B200CBEF9D /* Build configuration list for PBXProject "eChat-iOS13" */;
			compatibilityVersion = "Xcode 9.3";
			developmentRegion = en;
			hasScannedForEncodings = 0;
			knownRegions = (
				en,
				Base,
			);
			mainGroup = 31FEA13A242753B200CBEF9D;
			productRefGroup = 31FEA144242753B200CBEF9D /* Products */;
			projectDirPath = "";
			projectRoot = "";
			targets = (
				31FEA142242753B200CBEF9D /* eChat-iOS13 */,
			);
		};
/* End PBXProject section */

/* Begin PBXResourcesBuildPhase section */
		31FEA141242753B200CBEF9D /* Resources */ = {
			isa = PBXResourcesBuildPhase;
			buildActionMask = 2147483647;
			files = (
				31FEA153242753B400CBEF9D /* LaunchScreen.storyboard in Resources */,
				31FEA150242753B400CBEF9D /* Assets.xcassets in Resources */,
				31FEA14E242753B200CBEF9D /* Main.storyboard in Resources */,
			);
			runOnlyForDeploymentPostprocessing = 0;
		};
/* End PBXResourcesBuildPhase section */

/* Begin PBXShellScriptBuildPhase section */
		35BAFB4A2B100808242011A3 /* [CP] Embed Pods Frameworks */ = {
			isa = PBXShellScriptBuildPhase;
			buildActionMask = 2147483647;
			files = (
			);
			inputFileListPaths = (
				"${PODS_ROOT}/Target Support Files/Pods-eChat-iOS13/Pods-eChat-iOS13-frameworks-${CONFIGURATION}-input-files.xcfilelist",
			);
			name = "[CP] Embed Pods Frameworks";
			outputFileListPaths = (
				"${PODS_ROOT}/Target Support Files/Pods-eChat-iOS13/Pods-eChat-iOS13-frameworks-${CONFIGURATION}-output-files.xcfilelist",
			);
			runOnlyForDeploymentPostprocessing = 0;
			shellPath = /bin/sh;
			shellScript = "\"${PODS_ROOT}/Target Support Files/Pods-eChat-iOS13/Pods-eChat-iOS13-frameworks.sh\"\n";
			showEnvVarsInLog = 0;
		};
		88FD2301E9A9A365D3E86F98 /* [CP] Check Pods Manifest.lock */ = {
			isa = PBXShellScriptBuildPhase;
			buildActionMask = 2147483647;
			files = (
			);
			inputFileListPaths = (
			);
			inputPaths = (
				"${PODS_PODFILE_DIR_PATH}/Podfile.lock",
				"${PODS_ROOT}/Manifest.lock",
			);
			name = "[CP] Check Pods Manifest.lock";
			outputFileListPaths = (
			);
			outputPaths = (
				"$(DERIVED_FILE_DIR)/Pods-eChat-iOS13-checkManifestLockResult.txt",
			);
			runOnlyForDeploymentPostprocessing = 0;
			shellPath = /bin/sh;
			shellScript = "diff \"${PODS_PODFILE_DIR_PATH}/Podfile.lock\" \"${PODS_ROOT}/Manifest.lock\" > /dev/null\nif [ $? != 0 ] ; then\n    # print error to STDERR\n    echo \"error: The sandbox is not in sync with the Podfile.lock. Run 'pod install' or update your CocoaPods installation.\" >&2\n    exit 1\nfi\n# This output is used by Xcode 'outputs' to avoid re-running this script phase.\necho \"SUCCESS\" > \"${SCRIPT_OUTPUT_FILE_0}\"\n";
			showEnvVarsInLog = 0;
		};
/* End PBXShellScriptBuildPhase section */

/* Begin PBXSourcesBuildPhase section */
		31FEA13F242753B200CBEF9D /* Sources */ = {
			isa = PBXSourcesBuildPhase;
			buildActionMask = 2147483647;
			files = (
				31FEA1622427553000CBEF9D /* LoginViewController.swift in Sources */,
				31FEA14B242753B200CBEF9D /* ViewController.swift in Sources */,
				31FEA1602427551300CBEF9D /* RegisterViewController.swift in Sources */,
				31FEA1642427553D00CBEF9D /* ChatViewController.swift in Sources */,
				31FEA15E2427550600CBEF9D /* WelcomeViewController.swift in Sources */,
				31FEA147242753B200CBEF9D /* AppDelegate.swift in Sources */,
				31FEA149242753B200CBEF9D /* SceneDelegate.swift in Sources */,
			);
			runOnlyForDeploymentPostprocessing = 0;
		};
/* End PBXSourcesBuildPhase section */

/* Begin PBXVariantGroup section */
		31FEA14C242753B200CBEF9D /* Main.storyboard */ = {
			isa = PBXVariantGroup;
			children = (
				31FEA14D242753B200CBEF9D /* Base */,
			);
			name = Main.storyboard;
			sourceTree = "<group>";
		};
		31FEA151242753B400CBEF9D /* LaunchScreen.storyboard */ = {
			isa = PBXVariantGroup;
			children = (
				31FEA152242753B400CBEF9D /* Base */,
			);
			name = LaunchScreen.storyboard;
			sourceTree = "<group>";
		};
/* End PBXVariantGroup section */

/* Begin XCBuildConfiguration section */
		31FEA155242753B400CBEF9D /* Debug */ = {
			isa = XCBuildConfiguration;
			buildSettings = {
				ALWAYS_SEARCH_USER_PATHS = NO;
				CLANG_ANALYZER_NONNULL = YES;
				CLANG_ANALYZER_NUMBER_OBJECT_CONVERSION = YES_AGGRESSIVE;
				CLANG_CXX_LANGUAGE_STANDARD = "gnu++14";
				CLANG_CXX_LIBRARY = "libc++";
				CLANG_ENABLE_MODULES = YES;
				CLANG_ENABLE_OBJC_ARC = YES;
				CLANG_ENABLE_OBJC_WEAK = YES;
				CLANG_WARN_BLOCK_CAPTURE_AUTORELEASING = YES;
				CLANG_WARN_BOOL_CONVERSION = YES;
				CLANG_WARN_COMMA = YES;
				CLANG_WARN_CONSTANT_CONVERSION = YES;
				CLANG_WARN_DEPRECATED_OBJC_IMPLEMENTATIONS = YES;
				CLANG_WARN_DIRECT_OBJC_ISA_USAGE = YES_ERROR;
				CLANG_WARN_DOCUMENTATION_COMMENTS = YES;
				CLANG_WARN_EMPTY_BODY = YES;
				CLANG_WARN_ENUM_CONVERSION = YES;
				CLANG_WARN_INFINITE_RECURSION = YES;
				CLANG_WARN_INT_CONVERSION = YES;
				CLANG_WARN_NON_LITERAL_NULL_CONVERSION = YES;
				CLANG_WARN_OBJC_IMPLICIT_RETAIN_SELF = YES;
				CLANG_WARN_OBJC_LITERAL_CONVERSION = YES;
				CLANG_WARN_OBJC_ROOT_CLASS = YES_ERROR;
				CLANG_WARN_RANGE_LOOP_ANALYSIS = YES;
				CLANG_WARN_STRICT_PROTOTYPES = YES;
				CLANG_WARN_SUSPICIOUS_MOVE = YES;
				CLANG_WARN_UNGUARDED_AVAILABILITY = YES_AGGRESSIVE;
				CLANG_WARN_UNREACHABLE_CODE = YES;
				CLANG_WARN__DUPLICATE_METHOD_MATCH = YES;
				COPY_PHASE_STRIP = NO;
				DEBUG_INFORMATION_FORMAT = dwarf;
				ENABLE_STRICT_OBJC_MSGSEND = YES;
				ENABLE_TESTABILITY = YES;
				GCC_C_LANGUAGE_STANDARD = gnu11;
				GCC_DYNAMIC_NO_PIC = NO;
				GCC_NO_COMMON_BLOCKS = YES;
				GCC_OPTIMIZATION_LEVEL = 0;
				GCC_PREPROCESSOR_DEFINITIONS = (
					"DEBUG=1",
					"$(inherited)",
				);
				GCC_WARN_64_TO_32_BIT_CONVERSION = YES;
				GCC_WARN_ABOUT_RETURN_TYPE = YES_ERROR;
				GCC_WARN_UNDECLARED_SELECTOR = YES;
				GCC_WARN_UNINITIALIZED_AUTOS = YES_AGGRESSIVE;
				GCC_WARN_UNUSED_FUNCTION = YES;
				GCC_WARN_UNUSED_VARIABLE = YES;
				IPHONEOS_DEPLOYMENT_TARGET = 13.2;
				MTL_ENABLE_DEBUG_INFO = INCLUDE_SOURCE;
				MTL_FAST_MATH = YES;
				ONLY_ACTIVE_ARCH = YES;
				SDKROOT = iphoneos;
				SWIFT_ACTIVE_COMPILATION_CONDITIONS = DEBUG;
				SWIFT_OPTIMIZATION_LEVEL = "-Onone";
			};
			name = Debug;
		};
		31FEA156242753B400CBEF9D /* Release */ = {
			isa = XCBuildConfiguration;
			buildSettings = {
				ALWAYS_SEARCH_USER_PATHS = NO;
				CLANG_ANALYZER_NONNULL = YES;
				CLANG_ANALYZER_NUMBER_OBJECT_CONVERSION = YES_AGGRESSIVE;
				CLANG_CXX_LANGUAGE_STANDARD = "gnu++14";
				CLANG_CXX_LIBRARY = "libc++";
				CLANG_ENABLE_MODULES = YES;
				CLANG_ENABLE_OBJC_ARC = YES;
				CLANG_ENABLE_OBJC_WEAK = YES;
				CLANG_WARN_BLOCK_CAPTURE_AUTORELEASING = YES;
				CLANG_WARN_BOOL_CONVERSION = YES;
				CLANG_WARN_COMMA = YES;
				CLANG_WARN_CONSTANT_CONVERSION = YES;
				CLANG_WARN_DEPRECATED_OBJC_IMPLEMENTATIONS = YES;
				CLANG_WARN_DIRECT_OBJC_ISA_USAGE = YES_ERROR;
				CLANG_WARN_DOCUMENTATION_COMMENTS = YES;
				CLANG_WARN_EMPTY_BODY = YES;
				CLANG_WARN_ENUM_CONVERSION = YES;
				CLANG_WARN_INFINITE_RECURSION = YES;
				CLANG_WARN_INT_CONVERSION = YES;
				CLANG_WARN_NON_LITERAL_NULL_CONVERSION = YES;
				CLANG_WARN_OBJC_IMPLICIT_RETAIN_SELF = YES;
				CLANG_WARN_OBJC_LITERAL_CONVERSION = YES;
				CLANG_WARN_OBJC_ROOT_CLASS = YES_ERROR;
				CLANG_WARN_RANGE_LOOP_ANALYSIS = YES;
				CLANG_WARN_STRICT_PROTOTYPES = YES;
				CLANG_WARN_SUSPICIOUS_MOVE = YES;
				CLANG_WARN_UNGUARDED_AVAILABILITY = YES_AGGRESSIVE;
				CLANG_WARN_UNREACHABLE_CODE = YES;
				CLANG_WARN__DUPLICATE_METHOD_MATCH = YES;
				COPY_PHASE_STRIP = NO;
				DEBUG_INFORMATION_FORMAT = "dwarf-with-dsym";
				ENABLE_NS_ASSERTIONS = NO;
				ENABLE_STRICT_OBJC_MSGSEND = YES;
				GCC_C_LANGUAGE_STANDARD = gnu11;
				GCC_NO_COMMON_BLOCKS = YES;
				GCC_WARN_64_TO_32_BIT_CONVERSION = YES;
				GCC_WARN_ABOUT_RETURN_TYPE = YES_ERROR;
				GCC_WARN_UNDECLARED_SELECTOR = YES;
				GCC_WARN_UNINITIALIZED_AUTOS = YES_AGGRESSIVE;
				GCC_WARN_UNUSED_FUNCTION = YES;
				GCC_WARN_UNUSED_VARIABLE = YES;
				IPHONEOS_DEPLOYMENT_TARGET = 13.2;
				MTL_ENABLE_DEBUG_INFO = NO;
				MTL_FAST_MATH = YES;
				SDKROOT = iphoneos;
				SWIFT_COMPILATION_MODE = wholemodule;
				SWIFT_OPTIMIZATION_LEVEL = "-O";
				VALIDATE_PRODUCT = YES;
			};
			name = Release;
		};
		31FEA158242753B400CBEF9D /* Debug */ = {
			isa = XCBuildConfiguration;
			baseConfigurationReference = 8CC543EFF9F3F09695D04CC1 /* Pods-eChat-iOS13.debug.xcconfig */;
			buildSettings = {
				ASSETCATALOG_COMPILER_APPICON_NAME = AppIcon;
				CODE_SIGN_STYLE = Automatic;
				DEVELOPMENT_TEAM = 433786BYGK;
				INFOPLIST_FILE = "eChat-iOS13/Info.plist";
				LD_RUNPATH_SEARCH_PATHS = (
					"$(inherited)",
					"@executable_path/Frameworks",
				);
				PRODUCT_BUNDLE_IDENTIFIER = "com.enejlicina.eChat-iOS13";
				PRODUCT_NAME = "$(TARGET_NAME)";
				SWIFT_VERSION = 5.0;
				TARGETED_DEVICE_FAMILY = "1,2";
			};
			name = Debug;
		};
		31FEA159242753B400CBEF9D /* Release */ = {
			isa = XCBuildConfiguration;
			baseConfigurationReference = F3DF017ACB1A08618CA46071 /* Pods-eChat-iOS13.release.xcconfig */;
			buildSettings = {
				ASSETCATALOG_COMPILER_APPICON_NAME = AppIcon;
				CODE_SIGN_STYLE = Automatic;
				DEVELOPMENT_TEAM = 433786BYGK;
				INFOPLIST_FILE = "eChat-iOS13/Info.plist";
				LD_RUNPATH_SEARCH_PATHS = (
					"$(inherited)",
					"@executable_path/Frameworks",
				);
				PRODUCT_BUNDLE_IDENTIFIER = "com.enejlicina.eChat-iOS13";
				PRODUCT_NAME = "$(TARGET_NAME)";
				SWIFT_VERSION = 5.0;
				TARGETED_DEVICE_FAMILY = "1,2";
			};
			name = Release;
		};
/* End XCBuildConfiguration section */

/* Begin XCConfigurationList section */
		31FEA13E242753B200CBEF9D /* Build configuration list for PBXProject "eChat-iOS13" */ = {
			isa = XCConfigurationList;
			buildConfigurations = (
				31FEA155242753B400CBEF9D /* Debug */,
				31FEA156242753B400CBEF9D /* Release */,
			);
			defaultConfigurationIsVisible = 0;
			defaultConfigurationName = Release;
		};
		31FEA157242753B400CBEF9D /* Build configuration list for PBXNativeTarget "eChat-iOS13" */ = {
			isa = XCConfigurationList;
			buildConfigurations = (
				31FEA158242753B400CBEF9D /* Debug */,
				31FEA159242753B400CBEF9D /* Release */,
			);
			defaultConfigurationIsVisible = 0;
			defaultConfigurationName = Release;
		};
/* End XCConfigurationList section */
	};
	rootObject = 31FEA13B242753B200CBEF9D /* Project object */;
}
